// !$*UTF8*$!
{
	archiveVersion = 1;
	classes = {
	};
	objectVersion = 46;
	objects = {

/* Begin PBXBuildFile section */
		391AD92A1E84661F006FEDB9 /* AppDelegate.swift in Sources */ = {isa = PBXBuildFile; fileRef = 391AD9291E84661F006FEDB9 /* AppDelegate.swift */; };
		391AD92C1E84661F006FEDB9 /* ViewController.swift in Sources */ = {isa = PBXBuildFile; fileRef = 391AD92B1E84661F006FEDB9 /* ViewController.swift */; };
		391AD92F1E84661F006FEDB9 /* Main.storyboard in Resources */ = {isa = PBXBuildFile; fileRef = 391AD92D1E84661F006FEDB9 /* Main.storyboard */; };
		391AD9311E84661F006FEDB9 /* Assets.xcassets in Resources */ = {isa = PBXBuildFile; fileRef = 391AD9301E84661F006FEDB9 /* Assets.xcassets */; };
		391AD9341E84661F006FEDB9 /* LaunchScreen.storyboard in Resources */ = {isa = PBXBuildFile; fileRef = 391AD9321E84661F006FEDB9 /* LaunchScreen.storyboard */; };
/* End PBXBuildFile section */

/* Begin PBXFileReference section */
		391AD9261E84661F006FEDB9 /* Cast Number.app */ = {isa = PBXFileReference; explicitFileType = wrapper.application; includeInIndex = 0; path = "Cast Number.app"; sourceTree = BUILT_PRODUCTS_DIR; };
		391AD9291E84661F006FEDB9 /* AppDelegate.swift */ = {isa = PBXFileReference; lastKnownFileType = sourcecode.swift; path = AppDelegate.swift; sourceTree = "<group>"; };
		391AD92B1E84661F006FEDB9 /* ViewController.swift */ = {isa = PBXFileReference; lastKnownFileType = sourcecode.swift; path = ViewController.swift; sourceTree = "<group>"; };
		391AD92E1E84661F006FEDB9 /* Base */ = {isa = PBXFileReference; lastKnownFileType = file.storyboard; name = Base; path = Base.lproj/Main.storyboard; sourceTree = "<group>"; };
		391AD9301E84661F006FEDB9 /* Assets.xcassets */ = {isa = PBXFileReference; lastKnownFileType = folder.assetcatalog; path = Assets.xcassets; sourceTree = "<group>"; };
		391AD9331E84661F006FEDB9 /* Base */ = {isa = PBXFileReference; lastKnownFileType = file.storyboard; name = Base; path = Base.lproj/LaunchScreen.storyboard; sourceTree = "<group>"; };
		391AD9351E84661F006FEDB9 /* Info.plist */ = {isa = PBXFileReference; lastKnownFileType = text.plist.xml; path = Info.plist; sourceTree = "<group>"; };
/* End PBXFileReference section */

/* Begin PBXFrameworksBuildPhase section */
		391AD9231E84661F006FEDB9 /* Frameworks */ = {
			isa = PBXFrameworksBuildPhase;
			buildActionMask = 2147483647;
			files = (
			);
			runOnlyForDeploymentPostprocessing = 0;
		};
/* End PBXFrameworksBuildPhase section */

/* Begin PBXGroup section */
		391AD91D1E84661F006FEDB9 = {
			isa = PBXGroup;
			children = (
				391AD9281E84661F006FEDB9 /* Cast Number */,
				391AD9271E84661F006FEDB9 /* Products */,
			);
			sourceTree = "<group>";
		};
		391AD9271E84661F006FEDB9 /* Products */ = {
			isa = PBXGroup;
			children = (
				391AD9261E84661F006FEDB9 /* Cast Number.app */,
			);
			name = Products;
			sourceTree = "<group>";
		};
		391AD9281E84661F006FEDB9 /* Cast Number */ = {
			isa = PBXGroup;
			children = (
				391AD9291E84661F006FEDB9 /* AppDelegate.swift */,
				391AD92B1E84661F006FEDB9 /* ViewController.swift */,
				391AD92D1E84661F006FEDB9 /* Main.storyboard */,
				391AD9301E84661F006FEDB9 /* Assets.xcassets */,
				391AD9321E84661F006FEDB9 /* LaunchScreen.storyboard */,
				391AD9351E84661F006FEDB9 /* Info.plist */,
			);
			path = "Cast Number";
			sourceTree = "<group>";
		};
/* End PBXGroup section */

/* Begin PBXNativeTarget section */
		391AD9251E84661F006FEDB9 /* Cast Number */ = {
			isa = PBXNativeTarget;
			buildConfigurationList = 391AD9381E84661F006FEDB9 /* Build configuration list for PBXNativeTarget "Cast Number" */;
			buildPhases = (
				391AD9221E84661F006FEDB9 /* Sources */,
				391AD9231E84661F006FEDB9 /* Frameworks */,
				391AD9241E84661F006FEDB9 /* Resources */,
			);
			buildRules = (
			);
			dependencies = (
			);
			name = "Cast Number";
			productName = "Cast Number";
			productReference = 391AD9261E84661F006FEDB9 /* Cast Number.app */;
			productType = "com.apple.product-type.application";
		};
/* End PBXNativeTarget section */

/* Begin PBXProject section */
		391AD91E1E84661F006FEDB9 /* Project object */ = {
			isa = PBXProject;
			attributes = {
				LastSwiftUpdateCheck = 0820;
				LastUpgradeCheck = 0820;
				ORGANIZATIONNAME = Magomedkadiev;
				TargetAttributes = {
					391AD9251E84661F006FEDB9 = {
						CreatedOnToolsVersion = 8.2.1;
						ProvisioningStyle = Automatic;
					};
				};
			};
			buildConfigurationList = 391AD9211E84661F006FEDB9 /* Build configuration list for PBXProject "Cast Number" */;
			compatibilityVersion = "Xcode 3.2";
			developmentRegion = English;
			hasScannedForEncodings = 0;
			knownRegions = (
				en,
				Base,
			);
			mainGroup = 391AD91D1E84661F006FEDB9;
			productRefGroup = 391AD9271E84661F006FEDB9 /* Products */;
			projectDirPath = "";
			projectRoot = "";
			targets = (
				391AD9251E84661F006FEDB9 /* Cast Number */,
			);
		};
/* End PBXProject section */

/* Begin PBXResourcesBuildPhase section */
		391AD9241E84661F006FEDB9 /* Resources */ = {
			isa = PBXResourcesBuildPhase;
			buildActionMask = 2147483647;
			files = (
				391AD9341E84661F006FEDB9 /* LaunchScreen.storyboard in Resources */,
				391AD9311E84661F006FEDB9 /* Assets.xcassets in Resources */,
				391AD92F1E84661F006FEDB9 /* Main.storyboard in Resources */,
			);
			runOnlyForDeploymentPostprocessing = 0;
		};
/* End PBXResourcesBuildPhase section */

/* Begin PBXSourcesBuildPhase section */
		391AD9221E84661F006FEDB9 /* Sources */ = {
			isa = PBXSourcesBuildPhase;
			buildActionMask = 2147483647;
			files = (
				391AD92C1E84661F006FEDB9 /* ViewController.swift in Sources */,
				391AD92A1E84661F006FEDB9 /* AppDelegate.swift in Sources */,
			);
			runOnlyForDeploymentPostprocessing = 0;
		};
/* End PBXSourcesBuildPhase section */

/* Begin PBXVariantGroup section */
		391AD92D1E84661F006FEDB9 /* Main.storyboard */ = {
			isa = PBXVariantGroup;
			children = (
				391AD92E1E84661F006FEDB9 /* Base */,
			);
			name = Main.storyboard;
			sourceTree = "<group>";
		};
		391AD9321E84661F006FEDB9 /* LaunchScreen.storyboard */ = {
			isa = PBXVariantGroup;
			children = (
				391AD9331E84661F006FEDB9 /* Base */,
			);
			name = LaunchScreen.storyboard;
			sourceTree = "<group>";
		};
/* End PBXVariantGroup section */

/* Begin XCBuildConfiguration section */
		391AD9361E84661F006FEDB9 /* Debug */ = {
			isa = XCBuildConfiguration;
			buildSettings = {
				ALWAYS_SEARCH_USER_PATHS = NO;
				CLANG_ANALYZER_NONNULL = YES;
				CLANG_CXX_LANGUAGE_STANDARD = "gnu++0x";
				CLANG_CXX_LIBRARY = "libc++";
				CLANG_ENABLE_MODULES = YES;
				CLANG_ENABLE_OBJC_ARC = YES;
				CLANG_WARN_BOOL_CONVERSION = YES;
				CLANG_WARN_CONSTANT_CONVERSION = YES;
				CLANG_WARN_DIRECT_OBJC_ISA_USAGE = YES_ERROR;
				CLANG_WARN_DOCUMENTATION_COMMENTS = YES;
				CLANG_WARN_EMPTY_BODY = YES;
				CLANG_WARN_ENUM_CONVERSION = YES;
				CLANG_WARN_INFINITE_RECURSION = YES;
				CLANG_WARN_INT_CONVERSION = YES;
				CLANG_WARN_OBJC_ROOT_CLASS = YES_ERROR;
				CLANG_WARN_SUSPICIOUS_MOVE = YES;
				CLANG_WARN_UNREACHABLE_CODE = YES;
				CLANG_WARN__DUPLICATE_METHOD_MATCH = YES;
				"CODE_SIGN_IDENTITY[sdk=iphoneos*]" = "iPhone Developer";
				COPY_PHASE_STRIP = NO;
				DEBUG_INFORMATION_FORMAT = dwarf;
				ENABLE_STRICT_OBJC_MSGSEND = YES;
				ENABLE_TESTABILITY = YES;
				GCC_C_LANGUAGE_STANDARD = gnu99;
				GCC_DYNAMIC_NO_PIC = NO;
				GCC_NO_COMMON_BLOCKS = YES;
				GCC_OPTIMIZATION_LEVEL = 0;
				GCC_PREPROCESSOR_DEFINITIONS = (
					"DEBUG=1",
					"$(inherited)",
				);
				GCC_WARN_64_TO_32_BIT_CONVERSION = YES;
				GCC_WARN_ABOUT_RETURN_TYPE = YES_ERROR;
				GCC_WARN_UNDECLARED_SELECTOR = YES;
				GCC_WARN_UNINITIALIZED_AUTOS = YES_AGGRESSIVE;
				GCC_WARN_UNUSED_FUNCTION = YES;
				GCC_WARN_UNUSED_VARIABLE = YES;
				IPHONEOS_DEPLOYMENT_TARGET = 10.2;
				MTL_ENABLE_DEBUG_INFO = YES;
				ONLY_ACTIVE_ARCH = YES;
				SDKROOT = iphoneos;
				SWIFT_ACTIVE_COMPILATION_CONDITIONS = DEBUG;
				SWIFT_OPTIMIZATION_LEVEL = "-Onone";
				TARGETED_DEVICE_FAMILY = "1,2";
			};
			name = Debug;
		};
		391AD9371E84661F006FEDB9 /* Release */ = {
			isa = XCBuildConfiguration;
			buildSettings = {
				ALWAYS_SEARCH_USER_PATHS = NO;
				CLANG_ANALYZER_NONNULL = YES;
				CLANG_CXX_LANGUAGE_STANDARD = "gnu++0x";
				CLANG_CXX_LIBRARY = "libc++";
				CLANG_ENABLE_MODULES = YES;
				CLANG_ENABLE_OBJC_ARC = YES;
				CLANG_WARN_BOOL_CONVERSION = YES;
				CLANG_WARN_CONSTANT_CONVERSION = YES;
				CLANG_WARN_DIRECT_OBJC_ISA_USAGE = YES_ERROR;
				CLANG_WARN_DOCUMENTATION_COMMENTS = YES;
				CLANG_WARN_EMPTY_BODY = YES;
				CLANG_WARN_ENUM_CONVERSION = YES;
				CLANG_WARN_INFINITE_RECURSION = YES;
				CLANG_WARN_INT_CONVERSION = YES;
				CLANG_WARN_OBJC_ROOT_CLASS = YES_ERROR;
				CLANG_WARN_SUSPICIOUS_MOVE = YES;
				CLANG_WARN_UNREACHABLE_CODE = YES;
				CLANG_WARN__DUPLICATE_METHOD_MATCH = YES;
				"CODE_SIGN_IDENTITY[sdk=iphoneos*]" = "iPhone Developer";
				COPY_PHASE_STRIP = NO;
				DEBUG_INFORMATION_FORMAT = "dwarf-with-dsym";
				ENABLE_NS_ASSERTIONS = NO;
				ENABLE_STRICT_OBJC_MSGSEND = YES;
				GCC_C_LANGUAGE_STANDARD = gnu99;
				GCC_NO_COMMON_BLOCKS = YES;
				GCC_WARN_64_TO_32_BIT_CONVERSION = YES;
				GCC_WARN_ABOUT_RETURN_TYPE = YES_ERROR;
				GCC_WARN_UNDECLARED_SELECTOR = YES;
				GCC_WARN_UNINITIALIZED_AUTOS = YES_AGGRESSIVE;
				GCC_WARN_UNUSED_FUNCTION = YES;
				GCC_WARN_UNUSED_VARIABLE = YES;
				IPHONEOS_DEPLOYMENT_TARGET = 10.2;
				MTL_ENABLE_DEBUG_INFO = NO;
				SDKROOT = iphoneos;
				SWIFT_OPTIMIZATION_LEVEL = "-Owholemodule";
				TARGETED_DEVICE_FAMILY = "1,2";
				VALIDATE_PRODUCT = YES;
			};
			name = Release;
		};
		391AD9391E84661F006FEDB9 /* Debug */ = {
			isa = XCBuildConfiguration;
			buildSettings = {
				ASSETCATALOG_COMPILER_APPICON_NAME = AppIcon;
				INFOPLIST_FILE = "Cast Number/Info.plist";
				LD_RUNPATH_SEARCH_PATHS = "$(inherited) @executable_path/Frameworks";
				PRODUCT_BUNDLE_IDENTIFIER = "Magomedkadiev.Cast-Number";
				PRODUCT_NAME = "$(TARGET_NAME)";
				SWIFT_VERSION = 3.0;
			};
			name = Debug;
		};
		391AD93A1E84661F006FEDB9 /* Release */ = {
			isa = XCBuildConfiguration;
			buildSettings = {
				ASSETCATALOG_COMPILER_APPICON_NAME = AppIcon;
				INFOPLIST_FILE = "Cast Number/Info.plist";
				LD_RUNPATH_SEARCH_PATHS = "$(inherited) @executable_path/Frameworks";
				PRODUCT_BUNDLE_IDENTIFIER = "Magomedkadiev.Cast-Number";
				PRODUCT_NAME = "$(TARGET_NAME)";
				SWIFT_VERSION = 3.0;
			};
			name = Release;
		};
/* End XCBuildConfiguration section */

/* Begin XCConfigurationList section */
		391AD9211E84661F006FEDB9 /* Build configuration list for PBXProject "Cast Number" */ = {
			isa = XCConfigurationList;
			buildConfigurations = (
				391AD9361E84661F006FEDB9 /* Debug */,
				391AD9371E84661F006FEDB9 /* Release */,
			);
			defaultConfigurationIsVisible = 0;
			defaultConfigurationName = Release;
		};
		391AD9381E84661F006FEDB9 /* Build configuration list for PBXNativeTarget "Cast Number" */ = {
			isa = XCConfigurationList;
			buildConfigurations = (
				391AD9391E84661F006FEDB9 /* Debug */,
				391AD93A1E84661F006FEDB9 /* Release */,
			);
			defaultConfigurationIsVisible = 0;
		};
/* End XCConfigurationList section */
	};
	rootObject = 391AD91E1E84661F006FEDB9 /* Project object */;
}
